
Microsoft Visual Studio Solution File, Format Version 12.00
# Visual Studio Version 16
VisualStudioVersion = 16.0.29503.13
MinimumVisualStudioVersion = 10.0.40219.1
Project("{FAE04EC0-301F-11D3-BF4B-00C04F79EFBC}") = "Rawa", "Rawa\Rawa.csproj", "{2F035985-DBC1-432F-998A-B45CEC2037B3}"
EndProject
Global
	GlobalSection(SolutionConfigurationPlatforms) = preSolution
		Debug|Any CPU = Debug|Any CPU
		Release|Any CPU = Release|Any CPU
	EndGlobalSection
	GlobalSection(ProjectConfigurationPlatforms) = postSolution
		{2F035985-DBC1-432F-998A-B45CEC2037B3}.Debug|Any CPU.ActiveCfg = Debug|Any CPU
		{2F035985-DBC1-432F-998A-B45CEC2037B3}.Debug|Any CPU.Build.0 = Debug|Any CPU
		{2F035985-DBC1-432F-998A-B45CEC2037B3}.Release|Any CPU.ActiveCfg = Release|Any CPU
		{2F035985-DBC1-432F-998A-B45CEC2037B3}.Release|Any CPU.Build.0 = Release|Any CPU
	EndGlobalSection
	GlobalSection(SolutionProperties) = preSolution
		HideSolutionNode = FALSE
	EndGlobalSection
	GlobalSection(ExtensibilityGlobals) = postSolution
		SolutionGuid = {C9153A41-890E-4240-B5EB-3193FE89AD4C}
	EndGlobalSection
EndGlobal
